{"is_source_file": true, "file_id": 42, "git_revision": "0fec84ae65ef134722dc3dff3e44b190ab1b7e3f", "state": 1, "description": "", "external_files": [], "external_methods": [], "published": [], "classes": [], "methods": [], "calls": [], "search-terms": [], "filename": "/home/kavia/workspace/code-generation/skillswap-hub-2501-2200/skillswap_hub/post_process_status.lock", "hash": "e9b4c3b42cef0193b7fddb548d37e652", "format-version": 4, "code-base-name": "default", "knowledge_revision": 88}